
Microsoft Visual Studio Solution File, Format Version 12.00
# Visual Studio Version 17
VisualStudioVersion = 17.6.33829.357
MinimumVisualStudioVersion = 10.0.40219.1
Project("{FAE04EC0-301F-11D3-BF4B-00C04F79EFBC}") = "ODEV-1", "KODLUYORUZ-DOTNET-ODEVLERI(HOMEWORK)\ODEV-1.csproj", "{FBF98D65-0824-4733-A012-B3B4ADFF4F53}"
EndProject
Project("{FAE04EC0-301F-11D3-BF4B-00C04F79EFBC}") = "Koleksiyonlar-soru-1", "ODEV-2\Koleksiyonlar-soru-1.csproj", "{C46CC2E1-3AFA-43BA-B30F-1B308DAD52E0}"
EndProject
Project("{FAE04EC0-301F-11D3-BF4B-00C04F79EFBC}") = "Koleksiyonlar-soru-2", "Koleksiyonlar-soru-2\Koleksiyonlar-soru-2.csproj", "{6A7AC0B5-B24B-412F-BB5D-800998CEDCDD}"
EndProject
Project("{FAE04EC0-301F-11D3-BF4B-00C04F79EFBC}") = "Koleksiyonlar-soru-3", "Koleksiyonlar-soru-3\Koleksiyonlar-soru-3.csproj", "{14050DAF-0586-46DE-A0F7-FDF244833105}"
EndProject
Project("{FAE04EC0-301F-11D3-BF4B-00C04F79EFBC}") = "Proje-1-TELEFON-REHBER-UYGULAMASI", "Proje-1-TELEFON-REHBER-UYGULAMASI\Proje-1-TELEFON-REHBER-UYGULAMASI.csproj", "{543600B9-2502-4A9E-B825-845B00EDCA9D}"
EndProject
Project("{FAE04EC0-301F-11D3-BF4B-00C04F79EFBC}") = "Proje-2-TODO-APP", "Proje-2-TODO-APP\Proje-2-TODO-APP.csproj", "{22D33FC8-6003-4B2E-8956-5E346E11249D}"
EndProject
Project("{FAE04EC0-301F-11D3-BF4B-00C04F79EFBC}") = "UNIVERSITY-MANAGEMENT-SYSTEM", "UNIVERSITY-MANAGEMENT-SYSTEM\UNIVERSITY-MANAGEMENT-SYSTEM.csproj", "{F4C3AF15-304E-4AF1-9480-D21EE48E1431}"
EndProject
Project("{FAE04EC0-301F-11D3-BF4B-00C04F79EFBC}") = "Asansör-Simülasyonu", "Asansör-Simülasyonu\Asansör-Simülasyonu.csproj", "{941CCB6B-E533-4025-9EA1-2A60955ED1F7}"
EndProject
Project("{FAE04EC0-301F-11D3-BF4B-00C04F79EFBC}") = "Ortalama_Hesaplama", "Ortalama_Hesaplama\Ortalama_Hesaplama.csproj", "{EBE8E666-1C57-4E49-8D38-6383D1A80226}"
EndProject
Project("{FAE04EC0-301F-11D3-BF4B-00C04F79EFBC}") = "Ucgen_Cizme", "Ucgen_Cizme\Ucgen_Cizme.csproj", "{9B4C2471-8E87-456F-9863-8B8343E524D1}"
EndProject
Project("{FAE04EC0-301F-11D3-BF4B-00C04F79EFBC}") = "Daire_Cizme", "Daire_Cizme\Daire_Cizme.csproj", "{0EBD3A05-B255-49A5-A630-DD459D77F670}"
EndProject
Project("{FAE04EC0-301F-11D3-BF4B-00C04F79EFBC}") = "Algoritma_Sorusu", "Algoritma_Sorusu\Algoritma_Sorusu.csproj", "{9D1577F0-3F98-4CB9-8F4A-43B9B6ABEF38}"
EndProject
Project("{FAE04EC0-301F-11D3-BF4B-00C04F79EFBC}") = "Karakter-Tersten-Yazdırma", "Karakter-Tersten-Yazdırma\Karakter-Tersten-Yazdırma.csproj", "{98DB8278-2F77-46B2-AF9C-49AD16C6B0EB}"
EndProject
Project("{FAE04EC0-301F-11D3-BF4B-00C04F79EFBC}") = "(orta-seviye)_Alan-hesaplama_OOP", "(orta-seviye)_Alan-hesaplama_OOP\(orta-seviye)_Alan-hesaplama_OOP.csproj", "{6ABC0A50-4BEA-45D1-8AB4-4A7F6CB8E5C9}"
EndProject
Project("{FAE04EC0-301F-11D3-BF4B-00C04F79EFBC}") = "(orta-seviye)_Integer_Ikililerin_Toplami", "(orta-seviye)_Integer_Ikililerin_Toplami\(orta-seviye)_Integer_Ikililerin_Toplami.csproj", "{C8D4659D-650A-41AD-8B57-B193501D471D}"
EndProject
Project("{FAE04EC0-301F-11D3-BF4B-00C04F79EFBC}") = "(Orta-Seviye)_Mutlka_Kare_Alma", "(Orta-Seviye)_Mutlka_Kare_Alma\(Orta-Seviye)_Mutlka_Kare_Alma.csproj", "{DE8B8ADB-5BC4-4A65-8BFA-EB3AE63B456E}"
EndProject
Project("{FAE04EC0-301F-11D3-BF4B-00C04F79EFBC}") = "(orta-seviye)_Algoritma", "(orta-seviye)_Algoritma\(orta-seviye)_Algoritma.csproj", "{35F8FD96-91D9-4D4A-96DA-3F27FD5500A8}"
EndProject
Project("{FAE04EC0-301F-11D3-BF4B-00C04F79EFBC}") = "(orta-seviye)_Sessiz_Harf", "(orta-seviye)_Sessiz_Harf\(orta-seviye)_Sessiz_Harf.csproj", "{730A1535-53B7-483A-8F11-A9027483F300}"
EndProject
Project("{FAE04EC0-301F-11D3-BF4B-00C04F79EFBC}") = "(ileri-seviye)_(Oy-Verme)Voting_Uygulaması", "(ileri-seviye)_(Oy-Verme)Voting_Uygulaması\(ileri-seviye)_(Oy-Verme)Voting_Uygulaması.csproj", "{18486974-813D-4B01-8256-CF93845396EC}"
EndProject
Project("{FAE04EC0-301F-11D3-BF4B-00C04F79EFBC}") = "(ileri-seviye)_ATM_Uygulaması(application)", "(ileri-seviye)_ATM_Uygulaması(application)\(ileri-seviye)_ATM_Uygulaması(application).csproj", "{CC26090F-912F-4587-9687-BE7C352D4622}"
EndProject
Project("{FAE04EC0-301F-11D3-BF4B-00C04F79EFBC}") = "(ileri-seviye)_Barqode(QR)_Generator(olusturucusu)_Reader", "(ileri-seviye)_Barqode(QR)_Generator(olusturucusu)_Reader\(ileri-seviye)_Barqode(QR)_Generator(olusturucusu)_Reader.csproj", "{75A22CCF-72B3-4DFC-8CAE-C7D194085488}"
EndProject
Global
	GlobalSection(SolutionConfigurationPlatforms) = preSolution
		Debug|Any CPU = Debug|Any CPU
		Release|Any CPU = Release|Any CPU
	EndGlobalSection
	GlobalSection(ProjectConfigurationPlatforms) = postSolution
		{FBF98D65-0824-4733-A012-B3B4ADFF4F53}.Debug|Any CPU.ActiveCfg = Debug|Any CPU
		{FBF98D65-0824-4733-A012-B3B4ADFF4F53}.Debug|Any CPU.Build.0 = Debug|Any CPU
		{FBF98D65-0824-4733-A012-B3B4ADFF4F53}.Release|Any CPU.ActiveCfg = Release|Any CPU
		{FBF98D65-0824-4733-A012-B3B4ADFF4F53}.Release|Any CPU.Build.0 = Release|Any CPU
		{C46CC2E1-3AFA-43BA-B30F-1B308DAD52E0}.Debug|Any CPU.ActiveCfg = Debug|Any CPU
		{C46CC2E1-3AFA-43BA-B30F-1B308DAD52E0}.Debug|Any CPU.Build.0 = Debug|Any CPU
		{C46CC2E1-3AFA-43BA-B30F-1B308DAD52E0}.Release|Any CPU.ActiveCfg = Release|Any CPU
		{C46CC2E1-3AFA-43BA-B30F-1B308DAD52E0}.Release|Any CPU.Build.0 = Release|Any CPU
		{6A7AC0B5-B24B-412F-BB5D-800998CEDCDD}.Debug|Any CPU.ActiveCfg = Debug|Any CPU
		{6A7AC0B5-B24B-412F-BB5D-800998CEDCDD}.Debug|Any CPU.Build.0 = Debug|Any CPU
		{6A7AC0B5-B24B-412F-BB5D-800998CEDCDD}.Release|Any CPU.ActiveCfg = Release|Any CPU
		{6A7AC0B5-B24B-412F-BB5D-800998CEDCDD}.Release|Any CPU.Build.0 = Release|Any CPU
		{14050DAF-0586-46DE-A0F7-FDF244833105}.Debug|Any CPU.ActiveCfg = Debug|Any CPU
		{14050DAF-0586-46DE-A0F7-FDF244833105}.Debug|Any CPU.Build.0 = Debug|Any CPU
		{14050DAF-0586-46DE-A0F7-FDF244833105}.Release|Any CPU.ActiveCfg = Release|Any CPU
		{14050DAF-0586-46DE-A0F7-FDF244833105}.Release|Any CPU.Build.0 = Release|Any CPU
		{543600B9-2502-4A9E-B825-845B00EDCA9D}.Debug|Any CPU.ActiveCfg = Debug|Any CPU
		{543600B9-2502-4A9E-B825-845B00EDCA9D}.Debug|Any CPU.Build.0 = Debug|Any CPU
		{543600B9-2502-4A9E-B825-845B00EDCA9D}.Release|Any CPU.ActiveCfg = Release|Any CPU
		{543600B9-2502-4A9E-B825-845B00EDCA9D}.Release|Any CPU.Build.0 = Release|Any CPU
		{22D33FC8-6003-4B2E-8956-5E346E11249D}.Debug|Any CPU.ActiveCfg = Debug|Any CPU
		{22D33FC8-6003-4B2E-8956-5E346E11249D}.Debug|Any CPU.Build.0 = Debug|Any CPU
		{22D33FC8-6003-4B2E-8956-5E346E11249D}.Release|Any CPU.ActiveCfg = Release|Any CPU
		{22D33FC8-6003-4B2E-8956-5E346E11249D}.Release|Any CPU.Build.0 = Release|Any CPU
		{F4C3AF15-304E-4AF1-9480-D21EE48E1431}.Debug|Any CPU.ActiveCfg = Debug|Any CPU
		{F4C3AF15-304E-4AF1-9480-D21EE48E1431}.Debug|Any CPU.Build.0 = Debug|Any CPU
		{F4C3AF15-304E-4AF1-9480-D21EE48E1431}.Release|Any CPU.ActiveCfg = Release|Any CPU
		{F4C3AF15-304E-4AF1-9480-D21EE48E1431}.Release|Any CPU.Build.0 = Release|Any CPU
		{941CCB6B-E533-4025-9EA1-2A60955ED1F7}.Debug|Any CPU.ActiveCfg = Debug|Any CPU
		{941CCB6B-E533-4025-9EA1-2A60955ED1F7}.Debug|Any CPU.Build.0 = Debug|Any CPU
		{941CCB6B-E533-4025-9EA1-2A60955ED1F7}.Release|Any CPU.ActiveCfg = Release|Any CPU
		{941CCB6B-E533-4025-9EA1-2A60955ED1F7}.Release|Any CPU.Build.0 = Release|Any CPU
		{EBE8E666-1C57-4E49-8D38-6383D1A80226}.Debug|Any CPU.ActiveCfg = Debug|Any CPU
		{EBE8E666-1C57-4E49-8D38-6383D1A80226}.Debug|Any CPU.Build.0 = Debug|Any CPU
		{EBE8E666-1C57-4E49-8D38-6383D1A80226}.Release|Any CPU.ActiveCfg = Release|Any CPU
		{EBE8E666-1C57-4E49-8D38-6383D1A80226}.Release|Any CPU.Build.0 = Release|Any CPU
		{9B4C2471-8E87-456F-9863-8B8343E524D1}.Debug|Any CPU.ActiveCfg = Debug|Any CPU
		{9B4C2471-8E87-456F-9863-8B8343E524D1}.Debug|Any CPU.Build.0 = Debug|Any CPU
		{9B4C2471-8E87-456F-9863-8B8343E524D1}.Release|Any CPU.ActiveCfg = Release|Any CPU
		{9B4C2471-8E87-456F-9863-8B8343E524D1}.Release|Any CPU.Build.0 = Release|Any CPU
		{0EBD3A05-B255-49A5-A630-DD459D77F670}.Debug|Any CPU.ActiveCfg = Debug|Any CPU
		{0EBD3A05-B255-49A5-A630-DD459D77F670}.Debug|Any CPU.Build.0 = Debug|Any CPU
		{0EBD3A05-B255-49A5-A630-DD459D77F670}.Release|Any CPU.ActiveCfg = Release|Any CPU
		{0EBD3A05-B255-49A5-A630-DD459D77F670}.Release|Any CPU.Build.0 = Release|Any CPU
		{9D1577F0-3F98-4CB9-8F4A-43B9B6ABEF38}.Debug|Any CPU.ActiveCfg = Debug|Any CPU
		{9D1577F0-3F98-4CB9-8F4A-43B9B6ABEF38}.Debug|Any CPU.Build.0 = Debug|Any CPU
		{9D1577F0-3F98-4CB9-8F4A-43B9B6ABEF38}.Release|Any CPU.ActiveCfg = Release|Any CPU
		{9D1577F0-3F98-4CB9-8F4A-43B9B6ABEF38}.Release|Any CPU.Build.0 = Release|Any CPU
		{98DB8278-2F77-46B2-AF9C-49AD16C6B0EB}.Debug|Any CPU.ActiveCfg = Debug|Any CPU
		{98DB8278-2F77-46B2-AF9C-49AD16C6B0EB}.Debug|Any CPU.Build.0 = Debug|Any CPU
		{98DB8278-2F77-46B2-AF9C-49AD16C6B0EB}.Release|Any CPU.ActiveCfg = Release|Any CPU
		{98DB8278-2F77-46B2-AF9C-49AD16C6B0EB}.Release|Any CPU.Build.0 = Release|Any CPU
		{6ABC0A50-4BEA-45D1-8AB4-4A7F6CB8E5C9}.Debug|Any CPU.ActiveCfg = Debug|Any CPU
		{6ABC0A50-4BEA-45D1-8AB4-4A7F6CB8E5C9}.Debug|Any CPU.Build.0 = Debug|Any CPU
		{6ABC0A50-4BEA-45D1-8AB4-4A7F6CB8E5C9}.Release|Any CPU.ActiveCfg = Release|Any CPU
		{6ABC0A50-4BEA-45D1-8AB4-4A7F6CB8E5C9}.Release|Any CPU.Build.0 = Release|Any CPU
		{C8D4659D-650A-41AD-8B57-B193501D471D}.Debug|Any CPU.ActiveCfg = Debug|Any CPU
		{C8D4659D-650A-41AD-8B57-B193501D471D}.Debug|Any CPU.Build.0 = Debug|Any CPU
		{C8D4659D-650A-41AD-8B57-B193501D471D}.Release|Any CPU.ActiveCfg = Release|Any CPU
		{C8D4659D-650A-41AD-8B57-B193501D471D}.Release|Any CPU.Build.0 = Release|Any CPU
		{DE8B8ADB-5BC4-4A65-8BFA-EB3AE63B456E}.Debug|Any CPU.ActiveCfg = Debug|Any CPU
		{DE8B8ADB-5BC4-4A65-8BFA-EB3AE63B456E}.Debug|Any CPU.Build.0 = Debug|Any CPU
		{DE8B8ADB-5BC4-4A65-8BFA-EB3AE63B456E}.Release|Any CPU.ActiveCfg = Release|Any CPU
		{DE8B8ADB-5BC4-4A65-8BFA-EB3AE63B456E}.Release|Any CPU.Build.0 = Release|Any CPU
		{35F8FD96-91D9-4D4A-96DA-3F27FD5500A8}.Debug|Any CPU.ActiveCfg = Debug|Any CPU
		{35F8FD96-91D9-4D4A-96DA-3F27FD5500A8}.Debug|Any CPU.Build.0 = Debug|Any CPU
		{35F8FD96-91D9-4D4A-96DA-3F27FD5500A8}.Release|Any CPU.ActiveCfg = Release|Any CPU
		{35F8FD96-91D9-4D4A-96DA-3F27FD5500A8}.Release|Any CPU.Build.0 = Release|Any CPU
		{730A1535-53B7-483A-8F11-A9027483F300}.Debug|Any CPU.ActiveCfg = Debug|Any CPU
		{730A1535-53B7-483A-8F11-A9027483F300}.Debug|Any CPU.Build.0 = Debug|Any CPU
		{730A1535-53B7-483A-8F11-A9027483F300}.Release|Any CPU.ActiveCfg = Release|Any CPU
		{730A1535-53B7-483A-8F11-A9027483F300}.Release|Any CPU.Build.0 = Release|Any CPU
		{18486974-813D-4B01-8256-CF93845396EC}.Debug|Any CPU.ActiveCfg = Debug|Any CPU
		{18486974-813D-4B01-8256-CF93845396EC}.Debug|Any CPU.Build.0 = Debug|Any CPU
		{18486974-813D-4B01-8256-CF93845396EC}.Release|Any CPU.ActiveCfg = Release|Any CPU
		{18486974-813D-4B01-8256-CF93845396EC}.Release|Any CPU.Build.0 = Release|Any CPU
		{CC26090F-912F-4587-9687-BE7C352D4622}.Debug|Any CPU.ActiveCfg = Debug|Any CPU
		{CC26090F-912F-4587-9687-BE7C352D4622}.Debug|Any CPU.Build.0 = Debug|Any CPU
		{CC26090F-912F-4587-9687-BE7C352D4622}.Release|Any CPU.ActiveCfg = Release|Any CPU
		{CC26090F-912F-4587-9687-BE7C352D4622}.Release|Any CPU.Build.0 = Release|Any CPU
		{75A22CCF-72B3-4DFC-8CAE-C7D194085488}.Debug|Any CPU.ActiveCfg = Debug|Any CPU
		{75A22CCF-72B3-4DFC-8CAE-C7D194085488}.Debug|Any CPU.Build.0 = Debug|Any CPU
		{75A22CCF-72B3-4DFC-8CAE-C7D194085488}.Release|Any CPU.ActiveCfg = Release|Any CPU
		{75A22CCF-72B3-4DFC-8CAE-C7D194085488}.Release|Any CPU.Build.0 = Release|Any CPU
	EndGlobalSection
	GlobalSection(SolutionProperties) = preSolution
		HideSolutionNode = FALSE
	EndGlobalSection
	GlobalSection(ExtensibilityGlobals) = postSolution
		SolutionGuid = {1B0E004D-6E1B-4C3C-B5B8-080DA9107F9D}
	EndGlobalSection
EndGlobal
